Microsoft Visual Studio Solution File, Format Version 11.00
# Visual Studio 2008

Project("{E81D1EFC-D24C-43B9-1836-EEDCCABCD38C}") = "AnimalSurvival", "Assembly-CSharp.csproj", "{EB94A8A1-A56E-D2A1-C7A6-38716B15E160}"
EndProject
Global
	GlobalSection(SolutionConfigurationPlatforms) = preSolution
		Debug|Any CPU = Debug|Any CPU
		Release|Any CPU = Release|Any CPU
	EndGlobalSection
	GlobalSection(ProjectConfigurationPlatforms) = postSolution
		{EB94A8A1-A56E-D2A1-C7A6-38716B15E160}.Debug|Any CPU.ActiveCfg = Debug|Any CPU
		{EB94A8A1-A56E-D2A1-C7A6-38716B15E160}.Debug|Any CPU.Build.0 = Debug|Any CPU
		{EB94A8A1-A56E-D2A1-C7A6-38716B15E160}.Release|Any CPU.ActiveCfg = Release|Any CPU
		{EB94A8A1-A56E-D2A1-C7A6-38716B15E160}.Release|Any CPU.Build.0 = Release|Any CPU
	EndGlobalSection
	GlobalSection(SolutionProperties) = preSolution
		HideSolutionNode = FALSE
	EndGlobalSection
	GlobalSection(MonoDevelopProperties) = preSolution
		StartupItem = Assembly-CSharp.csproj
	EndGlobalSection
EndGlobal
